{
  "version": 4,
  "terraform_version": "0.14.3",
  "serial": 4,
  "lineage": "24614504-c88e-ff99-2c58-62d15ef8df5a",
  "outputs": {},
  "resources": [
    {
      "mode": "managed",
      "type": "azurerm_resource_group",
      "name": "fsc-rg-main",
      "provider": "provider[\"registry.terraform.io/hashicorp/azurerm\"]",
      "instances": [
        {
          "schema_version": 0,
          "attributes": {
            "id": "/subscriptions/6b903c3c-27ab-4653-98dc-efa1bbd8468c/resourceGroups/rg-fullStack-covid19-arturo",
            "location": "westeurope",
            "name": "rg-fullStack-covid19-arturo",
            "tags": {
              "developer": "Arturo",
              "env": "dev",
              "project": "fullStack-BigData-Covid19"
            },
            "timeouts": null
          },
          "sensitive_attributes": [],
          "private": "eyJlMmJmYjczMC1lY2FhLTExZTYtOGY4OC0zNDM2M2JjN2M0YzAiOnsiY3JlYXRlIjo1NDAwMDAwMDAwMDAwLCJkZWxldGUiOjU0MDAwMDAwMDAwMDAsInJlYWQiOjMwMDAwMDAwMDAwMCwidXBkYXRlIjo1NDAwMDAwMDAwMDAwfX0="
        }
      ]
    },
    {
      "mode": "managed",
      "type": "azurerm_storage_account",
      "name": "fsc-storage-terraform-state",
      "provider": "provider[\"registry.terraform.io/hashicorp/azurerm\"]",
      "instances": [
        {
          "schema_version": 2,
          "attributes": {
            "access_tier": "Hot",
            "account_kind": "StorageV2",
            "account_replication_type": "LRS",
            "account_tier": "Standard",
            "allow_blob_public_access": false,
            "azure_files_authentication": [],
            "blob_properties": [
              {
                "change_feed_enabled": false,
                "container_delete_retention_policy": [],
                "cors_rule": [],
                "default_service_version": "",
                "delete_retention_policy": [],
                "last_access_time_enabled": false,
                "versioning_enabled": false
              }
            ],
            "custom_domain": [],
            "enable_https_traffic_only": true,
            "id": "/subscriptions/6b903c3c-27ab-4653-98dc-efa1bbd8468c/resourceGroups/rg-fullStack-covid19-arturo/providers/Microsoft.Storage/storageAccounts/saterraformstatearturo",
            "identity": [],
            "is_hns_enabled": false,
            "large_file_share_enabled": null,
            "location": "westeurope",
            "min_tls_version": "TLS1_0",
            "name": "saterraformstatearturo",
            "network_rules": [
              {
                "bypass": [
                  "AzureServices"
                ],
                "default_action": "Allow",
                "ip_rules": [],
                "private_link_access": [],
                "virtual_network_subnet_ids": []
              }
            ],
            "nfsv3_enabled": false,
            "primary_access_key": "aIPgmPE8ik+G0hmQ79uMS9Gnw/9LGRKp0CiSj/h4/j/Fh9aDnO5PJ6fPb+obMKhuODycCkKxUbgIUecZuFfXnw==",
            "primary_blob_connection_string": "DefaultEndpointsProtocol=https;BlobEndpoint=https://saterraformstatearturo.blob.core.windows.net/;AccountName=saterraformstatearturo;AccountKey=aIPgmPE8ik+G0hmQ79uMS9Gnw/9LGRKp0CiSj/h4/j/Fh9aDnO5PJ6fPb+obMKhuODycCkKxUbgIUecZuFfXnw==",
            "primary_blob_endpoint": "https://saterraformstatearturo.blob.core.windows.net/",
            "primary_blob_host": "saterraformstatearturo.blob.core.windows.net",
            "primary_connection_string": "DefaultEndpointsProtocol=https;AccountName=saterraformstatearturo;AccountKey=aIPgmPE8ik+G0hmQ79uMS9Gnw/9LGRKp0CiSj/h4/j/Fh9aDnO5PJ6fPb+obMKhuODycCkKxUbgIUecZuFfXnw==;EndpointSuffix=core.windows.net",
            "primary_dfs_endpoint": "https://saterraformstatearturo.dfs.core.windows.net/",
            "primary_dfs_host": "saterraformstatearturo.dfs.core.windows.net",
            "primary_file_endpoint": "https://saterraformstatearturo.file.core.windows.net/",
            "primary_file_host": "saterraformstatearturo.file.core.windows.net",
            "primary_location": "westeurope",
            "primary_queue_endpoint": "https://saterraformstatearturo.queue.core.windows.net/",
            "primary_queue_host": "saterraformstatearturo.queue.core.windows.net",
            "primary_table_endpoint": "https://saterraformstatearturo.table.core.windows.net/",
            "primary_table_host": "saterraformstatearturo.table.core.windows.net",
            "primary_web_endpoint": "https://saterraformstatearturo.z6.web.core.windows.net/",
            "primary_web_host": "saterraformstatearturo.z6.web.core.windows.net",
            "queue_encryption_key_type": "Service",
            "queue_properties": [
              {
                "cors_rule": [],
                "hour_metrics": [
                  {
                    "enabled": true,
                    "include_apis": true,
                    "retention_policy_days": 7,
                    "version": "1.0"
                  }
                ],
                "logging": [
                  {
                    "delete": false,
                    "read": false,
                    "retention_policy_days": 0,
                    "version": "1.0",
                    "write": false
                  }
                ],
                "minute_metrics": [
                  {
                    "enabled": false,
                    "include_apis": false,
                    "retention_policy_days": 0,
                    "version": "1.0"
                  }
                ]
              }
            ],
            "resource_group_name": "rg-fullStack-covid19-arturo",
            "routing": [],
            "secondary_access_key": "F7a70v6WGr30b3eg7wPj3YhCps4/hXEECnhJTRb8heNn488Iyrj8Ei0M5Le3MQ12df+lp7yqQyKxNiyDHzDtew==",
            "secondary_blob_connection_string": "",
            "secondary_blob_endpoint": null,
            "secondary_blob_host": null,
            "secondary_connection_string": "DefaultEndpointsProtocol=https;AccountName=saterraformstatearturo;AccountKey=F7a70v6WGr30b3eg7wPj3YhCps4/hXEECnhJTRb8heNn488Iyrj8Ei0M5Le3MQ12df+lp7yqQyKxNiyDHzDtew==;EndpointSuffix=core.windows.net",
            "secondary_dfs_endpoint": null,
            "secondary_dfs_host": null,
            "secondary_file_endpoint": null,
            "secondary_file_host": null,
            "secondary_location": "",
            "secondary_queue_endpoint": null,
            "secondary_queue_host": null,
            "secondary_table_endpoint": null,
            "secondary_table_host": null,
            "secondary_web_endpoint": null,
            "secondary_web_host": null,
            "share_properties": [
              {
                "cors_rule": [],
                "retention_policy": [
                  {
                    "days": 7
                  }
                ],
                "smb": []
              }
            ],
            "shared_access_key_enabled": true,
            "static_website": [],
            "table_encryption_key_type": "Service",
            "tags": {
              "developer": "Arturo",
              "env": "dev",
              "project": "fullStack-BigData-Covid19"
            },
            "timeouts": null
          },
          "sensitive_attributes": [],
          "private": "eyJlMmJmYjczMC1lY2FhLTExZTYtOGY4OC0zNDM2M2JjN2M0YzAiOnsiY3JlYXRlIjozNjAwMDAwMDAwMDAwLCJkZWxldGUiOjM2MDAwMDAwMDAwMDAsInJlYWQiOjMwMDAwMDAwMDAwMCwidXBkYXRlIjozNjAwMDAwMDAwMDAwfSwic2NoZW1hX3ZlcnNpb24iOiIyIn0=",
          "dependencies": [
            "azurerm_resource_group.fsc-rg-main"
          ]
        }
      ]
    },
    {
      "mode": "managed",
      "type": "azurerm_storage_container",
      "name": "fsc-container-terraform-state",
      "provider": "provider[\"registry.terraform.io/hashicorp/azurerm\"]",
      "instances": [
        {
          "schema_version": 1,
          "attributes": {
            "container_access_type": "private",
            "has_immutability_policy": false,
            "has_legal_hold": false,
            "id": "https://saterraformstatearturo.blob.core.windows.net/container-terraform-state",
            "metadata": {},
            "name": "container-terraform-state",
            "resource_manager_id": "/subscriptions/6b903c3c-27ab-4653-98dc-efa1bbd8468c/resourceGroups/rg-fullStack-covid19-arturo/providers/Microsoft.Storage/storageAccounts/saterraformstatearturo/blobServices/default/containers/container-terraform-state",
            "storage_account_name": "saterraformstatearturo",
            "timeouts": null
          },
          "sensitive_attributes": [],
          "private": "eyJlMmJmYjczMC1lY2FhLTExZTYtOGY4OC0zNDM2M2JjN2M0YzAiOnsiY3JlYXRlIjoxODAwMDAwMDAwMDAwLCJkZWxldGUiOjE4MDAwMDAwMDAwMDAsInJlYWQiOjMwMDAwMDAwMDAwMCwidXBkYXRlIjoxODAwMDAwMDAwMDAwfSwic2NoZW1hX3ZlcnNpb24iOiIxIn0=",
          "dependencies": [
            "azurerm_resource_group.fsc-rg-main",
            "azurerm_storage_account.fsc-storage-terraform-state"
          ]
        }
      ]
    }
  ]
}
